
Microsoft Visual Studio Solution File, Format Version 12.00
# Visual Studio Version 17
VisualStudioVersion = 17.8.34511.84
MinimumVisualStudioVersion = 10.0.40219.1
Project("{FAE04EC0-301F-11D3-BF4B-00C04F79EFBC}") = "GoldenPagesUz", "GoldenPagesUz\GoldenPagesUz.csproj", "{5A6E81AD-21E6-4E59-9B1C-FB030CF95881}"
EndProject
Global
	GlobalSection(SolutionConfigurationPlatforms) = preSolution
		Debug|Any CPU = Debug|Any CPU
		Release|Any CPU = Release|Any CPU
	EndGlobalSection
	GlobalSection(ProjectConfigurationPlatforms) = postSolution
		{5A6E81AD-21E6-4E59-9B1C-FB030CF95881}.Debug|Any CPU.ActiveCfg = Debug|Any CPU
		{5A6E81AD-21E6-4E59-9B1C-FB030CF95881}.Debug|Any CPU.Build.0 = Debug|Any CPU
		{5A6E81AD-21E6-4E59-9B1C-FB030CF95881}.Release|Any CPU.ActiveCfg = Release|Any CPU
		{5A6E81AD-21E6-4E59-9B1C-FB030CF95881}.Release|Any CPU.Build.0 = Release|Any CPU
	EndGlobalSection
	GlobalSection(SolutionProperties) = preSolution
		HideSolutionNode = FALSE
	EndGlobalSection
	GlobalSection(ExtensibilityGlobals) = postSolution
		SolutionGuid = {CDB38576-BF7A-4C2A-B868-D31C19BDEF5B}
	EndGlobalSection
EndGlobal
